{
  "name": "Robin-web-pair",
  "version": "0.0.1",
  "lockfileVersion": 2,
  "requires": true,
  "packages": {
    "": {
      "name": "Robin-web-pair",
      "version": "0.0.1",
      "dependencies": {
        "@whiskeysockets/baileys": "^6.7.9",
        "awesome-phonenumber": "^7.2.0",
        "body-parser": "^1.20.3",
        "express": "^4.21.2",
        "megajs": "^1.3.5",
        "path": "^0.12.7",
        "phone": "^3.1.56",
        "pino": "^9.6.0",
        "pm2": "^5.4.3",
        "qrcode": "^1.5.4"
      }
    },
    "node_modules/@adiwajshing/keyed-db": {
      "version": "0.2.4",
      "resolved": "https://registry.npmjs.org/@adiwajshing/keyed-db/-/keyed-db-0.2.4.tgz",
      "integrity": "sha512-yprSnAtj80/VKuDqRcFFLDYltoNV8tChNwFfIgcf6PGD4sjzWIBgs08pRuTqGH5mk5wgL6PBRSsMCZqtZwzFEw=="
    },
    "node_modules/@eshaz/web-worker": {
      "version": "1.2.2",
      "resolved": "https://registry.npmjs.org/@eshaz/web-worker/-/web-worker-1.2.2.tgz",
      "integrity": "sha512-WxXiHFmD9u/owrzempiDlBB1ZYqiLnm9s6aPc8AlFQalq2tKmqdmMr9GXOupDgzXtqnBipj8Un0gkIm7Sjf8mw=="
    },
    "node_modules/@eslint-community/eslint-utils": {
      "version": "4.4.1",
      "resolved": "https://registry.npmjs.org/@eslint-community/eslint-utils/-/eslint-utils-4.4.1.tgz",
      "integrity": "sha512-s3O3waFUrMV8P/XaF/+ZTp1X9XBZW1a4B97ZnjQF2KYWaFD2A8KyFBsrsfSjEmjn3RGWAIuvlneuZm3CUK3jbA==",
